lockfileVersion: 5.4

specifiers:
  '@types/js-yaml': ^4.0.9
  '@types/node': 18.16.0
  js-yaml: ^4.1.0

dependencies:
  js-yaml: 4.1.1

devDependencies:
  '@types/js-yaml': 4.0.9
  '@types/node': 18.16.0

packages:

  /@types/js-yaml/4.0.9:
    resolution: {integrity: sha512-k4MGaQl5TGo/iipqb2UDG2UwjXziSWkh0uysQelTlJpX1qGlpUZYm8PnO4DxG1qBomtJUdYJ6qR6xdIah10JLg==}
    dev: true

  /@types/node/18.16.0:
    resolution: {integrity: sha512-BsAaKhB+7X+H4GnSjGhJG9Qi8Tw+inU9nJDwmD5CgOmBLEI6ArdhikpLX7DjbjDRDTbqZzU2LSQNZg8WGPiSZQ==}
    dev: true

  /argparse/2.0.1:
    resolution: {integrity: sha512-8+9WqebbFzpX9OR+Wa6O29asIogeRMzcGtAINdpMHHyAg10f05aSFVBbcEqGf/PXw1EjAZ+q2/bEBg3DvurK3Q==}
    dev: false

  /js-yaml/4.1.1:
    resolution: {integrity: sha512-qQKT4zQxXl8lLwBtHMWwaTcGfFOZviOJet3Oy/xmGk2gZH677CJM9EvtfdSkgWcATZhj/55JZ0rmy3myCT5lsA==}
    hasBin: true
    dependencies:
      argparse: 2.0.1
    dev: false
